{
  "name": "@viberlab/sidenav-menu",
  "version": "7.0.1",
  "lockfileVersion": 1,
  "requires": true,
  "dependencies": {
    "@angular/core": {
      "version": "10.1.2",
      "resolved": "https://registry.npmjs.org/@angular/core/-/core-10.1.2.tgz",
      "integrity": "sha512-iBVkCgXMp3TofrbZVwpuSbLAiLHF/fbx9xHnFcjBQUXBUIoxiEB4NcrPHibmBVNX0J45hO6iLsG+ZtFZbMifNg==",
      "requires": {
        "tslib": "^2.0.0"
      }
    },
    "@angular/material": {
      "version": "10.2.1",
      "resolved": "https://registry.npmjs.org/@angular/material/-/material-10.2.1.tgz",
      "integrity": "sha512-TSfjW4w3orzDtTstNcNR2zsfNcO/R7NNmDMQ11LO6+EfnbNF2yktsMS3FZl811GX6dXEE+R/GCdDgCnlvqv9Mw==",
      "requires": {
        "tslib": "^2.0.0"
      }
    },
    "@angular/router": {
      "version": "10.0.14",
      "resolved": "https://registry.npmjs.org/@angular/router/-/router-10.0.14.tgz",
      "integrity": "sha512-VWzaNyPZDY99TMszV1GlXJgVOxXsjhJrsv3mIcjaz1dfdlKOeKTVDLdnyXfP9CkwE3PRmvG7eSXppIj6nn9BpQ==",
      "requires": {
        "tslib": "^2.0.0"
      }
    },
    "rxjs": {
      "version": "6.6.3",
      "resolved": "https://registry.npmjs.org/rxjs/-/rxjs-6.6.3.tgz",
      "integrity": "sha512-trsQc+xYYXZ3urjOiJOuCOa5N3jAZ3eiSpQB5hIT8zGlL2QfnHLJ2r7GMkBGuIausdJN1OneaI6gQlsqNHHmZQ==",
      "requires": {
        "tslib": "^1.9.0"
      },
      "dependencies": {
        "tslib": {
          "version": "1.13.0",
          "resolved": "https://registry.npmjs.org/tslib/-/tslib-1.13.0.tgz",
          "integrity": "sha512-i/6DQjL8Xf3be4K/E6Wgpekn5Qasl1usyw++dAA35Ue5orEn65VIxOA+YvNNl9HV3qv70T7CNwjODHZrLwvd1Q=="
        }
      }
    },
    "tslib": {
      "version": "2.0.1",
      "resolved": "https://registry.npmjs.org/tslib/-/tslib-2.0.1.tgz",
      "integrity": "sha512-SgIkNheinmEBgx1IUNirK0TUD4X9yjjBRTqqjggWCU3pUEqIk3/Uwl3yRixYKT6WjQuGiwDv4NomL3wqRCj+CQ=="
    }
  }
}
